
Microsoft Visual Studio Solution File, Format Version 12.00
# Visual Studio Version 17
VisualStudioVersion = 17.0.31903.59
MinimumVisualStudioVersion = 10.0.40219.1
Project("{FAE04EC0-301F-11D3-BF4B-00C04F79EFBC}") = "PetAdoption.API", "PetAdoption.API\PetAdoption.API.csproj", "{C9E55020-052B-4101-8B49-DD99F01EC2B3}"
EndProject
Project("{FAE04EC0-301F-11D3-BF4B-00C04F79EFBC}") = "PetAdoption.Application", "PetAdoption.Application\PetAdoption.Application.csproj", "{06107DD6-7049-4451-958E-94887E0DD67B}"
EndProject
Project("{FAE04EC0-301F-11D3-BF4B-00C04F79EFBC}") = "PetAdoption.Core", "PetAdoption.Core\PetAdoption.Core.csproj", "{C9B7F411-8CB8-4756-8270-0B4C5A281CCA}"
EndProject
Project("{FAE04EC0-301F-11D3-BF4B-00C04F79EFBC}") = "PetAdoption.Infrastructure", "PetAdoption.Infrastructure\PetAdoption.Infrastructure.csproj", "{DC40B718-170E-4C70-89B6-33A4C2714B25}"
EndProject
Global
	GlobalSection(SolutionConfigurationPlatforms) = preSolution
		Debug|Any CPU = Debug|Any CPU
		Release|Any CPU = Release|Any CPU
	EndGlobalSection
	GlobalSection(SolutionProperties) = preSolution
		HideSolutionNode = FALSE
	EndGlobalSection
	GlobalSection(ProjectConfigurationPlatforms) = postSolution
		{C9E55020-052B-4101-8B49-DD99F01EC2B3}.Debug|Any CPU.ActiveCfg = Debug|Any CPU
		{C9E55020-052B-4101-8B49-DD99F01EC2B3}.Debug|Any CPU.Build.0 = Debug|Any CPU
		{C9E55020-052B-4101-8B49-DD99F01EC2B3}.Release|Any CPU.ActiveCfg = Release|Any CPU
		{C9E55020-052B-4101-8B49-DD99F01EC2B3}.Release|Any CPU.Build.0 = Release|Any CPU
		{06107DD6-7049-4451-958E-94887E0DD67B}.Debug|Any CPU.ActiveCfg = Debug|Any CPU
		{06107DD6-7049-4451-958E-94887E0DD67B}.Debug|Any CPU.Build.0 = Debug|Any CPU
		{06107DD6-7049-4451-958E-94887E0DD67B}.Release|Any CPU.ActiveCfg = Release|Any CPU
		{06107DD6-7049-4451-958E-94887E0DD67B}.Release|Any CPU.Build.0 = Release|Any CPU
		{C9B7F411-8CB8-4756-8270-0B4C5A281CCA}.Debug|Any CPU.ActiveCfg = Debug|Any CPU
		{C9B7F411-8CB8-4756-8270-0B4C5A281CCA}.Debug|Any CPU.Build.0 = Debug|Any CPU
		{C9B7F411-8CB8-4756-8270-0B4C5A281CCA}.Release|Any CPU.ActiveCfg = Release|Any CPU
		{C9B7F411-8CB8-4756-8270-0B4C5A281CCA}.Release|Any CPU.Build.0 = Release|Any CPU
		{DC40B718-170E-4C70-89B6-33A4C2714B25}.Debug|Any CPU.ActiveCfg = Debug|Any CPU
		{DC40B718-170E-4C70-89B6-33A4C2714B25}.Debug|Any CPU.Build.0 = Debug|Any CPU
		{DC40B718-170E-4C70-89B6-33A4C2714B25}.Release|Any CPU.ActiveCfg = Release|Any CPU
		{DC40B718-170E-4C70-89B6-33A4C2714B25}.Release|Any CPU.Build.0 = Release|Any CPU
	EndGlobalSection
EndGlobal
